
Microsoft Visual Studio Solution File, Format Version 12.00
# Visual Studio Version 16
VisualStudioVersion = 16.0.31702.278
MinimumVisualStudioVersion = 10.0.40219.1
Project("{9A19103F-16F7-4668-BE54-9A1E7A4F7556}") = "HsqLib", "HsqLib\HsqLib.csproj", "{6EA64E3D-EFB9-4C58-8990-847B666007EF}"
EndProject
Project("{FAE04EC0-301F-11D3-BF4B-00C04F79EFBC}") = "SampleProject", "..\SampleProject\SampleProject\SampleProject.csproj", "{0CE03424-24DF-4D39-BF97-24750BE422D2}"
EndProject
Project("{FAE04EC0-301F-11D3-BF4B-00C04F79EFBC}") = "UnitTests", "..\UnitTests\UnitTests\UnitTests.csproj", "{BF1176B4-C46F-4959-BAF7-557779E876F6}"
EndProject
Global
	GlobalSection(SolutionConfigurationPlatforms) = preSolution
		Debug|Any CPU = Debug|Any CPU
		Release|Any CPU = Release|Any CPU
	EndGlobalSection
	GlobalSection(ProjectConfigurationPlatforms) = postSolution
		{6EA64E3D-EFB9-4C58-8990-847B666007EF}.Debug|Any CPU.ActiveCfg = Debug|Any CPU
		{6EA64E3D-EFB9-4C58-8990-847B666007EF}.Debug|Any CPU.Build.0 = Debug|Any CPU
		{6EA64E3D-EFB9-4C58-8990-847B666007EF}.Release|Any CPU.ActiveCfg = Release|Any CPU
		{6EA64E3D-EFB9-4C58-8990-847B666007EF}.Release|Any CPU.Build.0 = Release|Any CPU
		{0CE03424-24DF-4D39-BF97-24750BE422D2}.Debug|Any CPU.ActiveCfg = Debug|Any CPU
		{0CE03424-24DF-4D39-BF97-24750BE422D2}.Debug|Any CPU.Build.0 = Debug|Any CPU
		{0CE03424-24DF-4D39-BF97-24750BE422D2}.Release|Any CPU.ActiveCfg = Release|Any CPU
		{0CE03424-24DF-4D39-BF97-24750BE422D2}.Release|Any CPU.Build.0 = Release|Any CPU
		{BF1176B4-C46F-4959-BAF7-557779E876F6}.Debug|Any CPU.ActiveCfg = Debug|Any CPU
		{BF1176B4-C46F-4959-BAF7-557779E876F6}.Debug|Any CPU.Build.0 = Debug|Any CPU
		{BF1176B4-C46F-4959-BAF7-557779E876F6}.Release|Any CPU.ActiveCfg = Release|Any CPU
		{BF1176B4-C46F-4959-BAF7-557779E876F6}.Release|Any CPU.Build.0 = Release|Any CPU
	EndGlobalSection
	GlobalSection(SolutionProperties) = preSolution
		HideSolutionNode = FALSE
	EndGlobalSection
	GlobalSection(ExtensibilityGlobals) = postSolution
		SolutionGuid = {034D1586-4C7C-4EAD-9F45-3D3709E5E87E}
	EndGlobalSection
EndGlobal
