
Microsoft Visual Studio Solution File, Format Version 12.00
# Visual Studio Version 17
VisualStudioVersion = 17.0.32112.339
MinimumVisualStudioVersion = 10.0.40219.1
Project("{9A19103F-16F7-4668-BE54-9A1E7A4F7556}") = "HsqLib", "HsqLib\HsqLib.csproj", "{6EA64E3D-EFB9-4C58-8990-847B666007EF}"
EndProject
Project("{9A19103F-16F7-4668-BE54-9A1E7A4F7556}") = "UnitTests", "UnitTests\UnitTests.csproj", "{A6373000-E3E3-412D-9B39-A8C02C48B5E0}"
EndProject
Project("{9A19103F-16F7-4668-BE54-9A1E7A4F7556}") = "HsqLib2", "HsqLib2\HsqLib2.csproj", "{043568B3-58D0-45BC-B5C7-01127A08CE0B}"
EndProject
Project("{9A19103F-16F7-4668-BE54-9A1E7A4F7556}") = "UnpackCli", "UnpackCli\UnpackCli.csproj", "{C5A2FBD1-0D51-4A70-9237-D8A5F3620081}"
EndProject
Project("{9A19103F-16F7-4668-BE54-9A1E7A4F7556}") = "UnpackCli2", "UnpackCli2\UnpackCli2.csproj", "{A5BF4F9D-3508-4536-BFE6-16DF2E3DB3D9}"
EndProject
Project("{9A19103F-16F7-4668-BE54-9A1E7A4F7556}") = "CryoDataLib", "CryoDataLib\CryoDataLib.csproj", "{9C0297C3-DFBC-4C19-8C7C-E91B6A2ACC1E}"
EndProject
Project("{9A19103F-16F7-4668-BE54-9A1E7A4F7556}") = "CryoDataCli", "CryoDataCli\CryoDataCli.csproj", "{0D4F99B4-9BCE-418B-8248-24AAE130CBD3}"
EndProject
Project("{FAE04EC0-301F-11D3-BF4B-00C04F79EFBC}") = "CommandLineUtil", "CommandLineUtil\CommandLineUtil.csproj", "{EF0DCBBE-F381-4ECF-A750-4C9F6B804900}"
EndProject
Global
	GlobalSection(SolutionConfigurationPlatforms) = preSolution
		Debug|Any CPU = Debug|Any CPU
		Release|Any CPU = Release|Any CPU
	EndGlobalSection
	GlobalSection(ProjectConfigurationPlatforms) = postSolution
		{6EA64E3D-EFB9-4C58-8990-847B666007EF}.Debug|Any CPU.ActiveCfg = Debug|Any CPU
		{6EA64E3D-EFB9-4C58-8990-847B666007EF}.Debug|Any CPU.Build.0 = Debug|Any CPU
		{6EA64E3D-EFB9-4C58-8990-847B666007EF}.Release|Any CPU.ActiveCfg = Release|Any CPU
		{6EA64E3D-EFB9-4C58-8990-847B666007EF}.Release|Any CPU.Build.0 = Release|Any CPU
		{A6373000-E3E3-412D-9B39-A8C02C48B5E0}.Debug|Any CPU.ActiveCfg = Debug|Any CPU
		{A6373000-E3E3-412D-9B39-A8C02C48B5E0}.Debug|Any CPU.Build.0 = Debug|Any CPU
		{A6373000-E3E3-412D-9B39-A8C02C48B5E0}.Release|Any CPU.ActiveCfg = Release|Any CPU
		{A6373000-E3E3-412D-9B39-A8C02C48B5E0}.Release|Any CPU.Build.0 = Release|Any CPU
		{043568B3-58D0-45BC-B5C7-01127A08CE0B}.Debug|Any CPU.ActiveCfg = Debug|Any CPU
		{043568B3-58D0-45BC-B5C7-01127A08CE0B}.Debug|Any CPU.Build.0 = Debug|Any CPU
		{043568B3-58D0-45BC-B5C7-01127A08CE0B}.Release|Any CPU.ActiveCfg = Release|Any CPU
		{043568B3-58D0-45BC-B5C7-01127A08CE0B}.Release|Any CPU.Build.0 = Release|Any CPU
		{C5A2FBD1-0D51-4A70-9237-D8A5F3620081}.Debug|Any CPU.ActiveCfg = Debug|Any CPU
		{C5A2FBD1-0D51-4A70-9237-D8A5F3620081}.Debug|Any CPU.Build.0 = Debug|Any CPU
		{C5A2FBD1-0D51-4A70-9237-D8A5F3620081}.Release|Any CPU.ActiveCfg = Release|Any CPU
		{C5A2FBD1-0D51-4A70-9237-D8A5F3620081}.Release|Any CPU.Build.0 = Release|Any CPU
		{A5BF4F9D-3508-4536-BFE6-16DF2E3DB3D9}.Debug|Any CPU.ActiveCfg = Debug|Any CPU
		{A5BF4F9D-3508-4536-BFE6-16DF2E3DB3D9}.Debug|Any CPU.Build.0 = Debug|Any CPU
		{A5BF4F9D-3508-4536-BFE6-16DF2E3DB3D9}.Release|Any CPU.ActiveCfg = Release|Any CPU
		{A5BF4F9D-3508-4536-BFE6-16DF2E3DB3D9}.Release|Any CPU.Build.0 = Release|Any CPU
		{9C0297C3-DFBC-4C19-8C7C-E91B6A2ACC1E}.Debug|Any CPU.ActiveCfg = Debug|Any CPU
		{9C0297C3-DFBC-4C19-8C7C-E91B6A2ACC1E}.Debug|Any CPU.Build.0 = Debug|Any CPU
		{9C0297C3-DFBC-4C19-8C7C-E91B6A2ACC1E}.Release|Any CPU.ActiveCfg = Release|Any CPU
		{9C0297C3-DFBC-4C19-8C7C-E91B6A2ACC1E}.Release|Any CPU.Build.0 = Release|Any CPU
		{0D4F99B4-9BCE-418B-8248-24AAE130CBD3}.Debug|Any CPU.ActiveCfg = Debug|Any CPU
		{0D4F99B4-9BCE-418B-8248-24AAE130CBD3}.Debug|Any CPU.Build.0 = Debug|Any CPU
		{0D4F99B4-9BCE-418B-8248-24AAE130CBD3}.Release|Any CPU.ActiveCfg = Release|Any CPU
		{0D4F99B4-9BCE-418B-8248-24AAE130CBD3}.Release|Any CPU.Build.0 = Release|Any CPU
		{EF0DCBBE-F381-4ECF-A750-4C9F6B804900}.Debug|Any CPU.ActiveCfg = Debug|Any CPU
		{EF0DCBBE-F381-4ECF-A750-4C9F6B804900}.Debug|Any CPU.Build.0 = Debug|Any CPU
		{EF0DCBBE-F381-4ECF-A750-4C9F6B804900}.Release|Any CPU.ActiveCfg = Release|Any CPU
		{EF0DCBBE-F381-4ECF-A750-4C9F6B804900}.Release|Any CPU.Build.0 = Release|Any CPU
	EndGlobalSection
	GlobalSection(SolutionProperties) = preSolution
		HideSolutionNode = FALSE
	EndGlobalSection
	GlobalSection(ExtensibilityGlobals) = postSolution
		SolutionGuid = {034D1586-4C7C-4EAD-9F45-3D3709E5E87E}
	EndGlobalSection
EndGlobal
